PODS:
  - SwiftLint (0.33.1)
  - WSTagsField (5.0.0)

DEPENDENCIES:
  - SwiftLint
  - WSTagsField

SPEC REPOS:
  https://github.com/cocoapods/specs.git:
    - SwiftLint
    - WSTagsField

SPEC CHECKSUMS:
  SwiftLint: 9fc1143bbacec37f94994a7d0d2a85b2154b6294
  WSTagsField: 5963db79f251c2a87ecfcf5dbfa36d05efc3d548

PODFILE CHECKSUM: d5dee79cb4e1d3b236a239d8af3f154dde88f4c3

COCOAPODS: 1.7.3
